
Microsoft Visual Studio Solution File, Format Version 12.00
# Visual Studio Version 17
VisualStudioVersion = 17.3.32901.215
MinimumVisualStudioVersion = 10.0.40219.1
Project("{9A19103F-16F7-4668-BE54-9A1E7A4F7556}") = "EventManagementService.Domain", "EventManagementService.Domain\EventManagementService.Domain.csproj", "{01B7935F-5242-4F1F-8535-F1E90B1AC35F}"
EndProject
Project("{9A19103F-16F7-4668-BE54-9A1E7A4F7556}") = "EventManagementService.API", "EventManagementService.API\EventManagementService.API.csproj", "{641E1DED-350E-440E-B953-511758E80803}"
EndProject
Project("{9A19103F-16F7-4668-BE54-9A1E7A4F7556}") = "EventManagementService.Test", "EventManagementService.Test\EventManagementService.Test.csproj", "{76531877-DDEA-473B-AC28-80009837D403}"
EndProject
Project("{9A19103F-16F7-4668-BE54-9A1E7A4F7556}") = "EventManagementService.Infrastructure", "EventManagementService.Infrastructure\EventManagementService.Infrastructure.csproj", "{EEDD2638-D3F9-4638-9FAC-7ACA453FFFC5}"
EndProject
Project("{FAE04EC0-301F-11D3-BF4B-00C04F79EFBC}") = "EventManagementService.DTO", "EventManagementService.DTO\EventManagementService.DTO.csproj", "{1F2B41E8-EC94-492D-9A75-EFC08D203C7B}"
EndProject
Global
	GlobalSection(SolutionConfigurationPlatforms) = preSolution
		Debug|Any CPU = Debug|Any CPU
		Release|Any CPU = Release|Any CPU
	EndGlobalSection
	GlobalSection(ProjectConfigurationPlatforms) = postSolution
		{01B7935F-5242-4F1F-8535-F1E90B1AC35F}.Debug|Any CPU.ActiveCfg = Debug|Any CPU
		{01B7935F-5242-4F1F-8535-F1E90B1AC35F}.Debug|Any CPU.Build.0 = Debug|Any CPU
		{01B7935F-5242-4F1F-8535-F1E90B1AC35F}.Release|Any CPU.ActiveCfg = Release|Any CPU
		{01B7935F-5242-4F1F-8535-F1E90B1AC35F}.Release|Any CPU.Build.0 = Release|Any CPU
		{641E1DED-350E-440E-B953-511758E80803}.Debug|Any CPU.ActiveCfg = Debug|Any CPU
		{641E1DED-350E-440E-B953-511758E80803}.Debug|Any CPU.Build.0 = Debug|Any CPU
		{641E1DED-350E-440E-B953-511758E80803}.Release|Any CPU.ActiveCfg = Release|Any CPU
		{641E1DED-350E-440E-B953-511758E80803}.Release|Any CPU.Build.0 = Release|Any CPU
		{76531877-DDEA-473B-AC28-80009837D403}.Debug|Any CPU.ActiveCfg = Debug|Any CPU
		{76531877-DDEA-473B-AC28-80009837D403}.Debug|Any CPU.Build.0 = Debug|Any CPU
		{76531877-DDEA-473B-AC28-80009837D403}.Release|Any CPU.ActiveCfg = Release|Any CPU
		{76531877-DDEA-473B-AC28-80009837D403}.Release|Any CPU.Build.0 = Release|Any CPU
		{EEDD2638-D3F9-4638-9FAC-7ACA453FFFC5}.Debug|Any CPU.ActiveCfg = Debug|Any CPU
		{EEDD2638-D3F9-4638-9FAC-7ACA453FFFC5}.Debug|Any CPU.Build.0 = Debug|Any CPU
		{EEDD2638-D3F9-4638-9FAC-7ACA453FFFC5}.Release|Any CPU.ActiveCfg = Release|Any CPU
		{EEDD2638-D3F9-4638-9FAC-7ACA453FFFC5}.Release|Any CPU.Build.0 = Release|Any CPU
		{1F2B41E8-EC94-492D-9A75-EFC08D203C7B}.Debug|Any CPU.ActiveCfg = Debug|Any CPU
		{1F2B41E8-EC94-492D-9A75-EFC08D203C7B}.Debug|Any CPU.Build.0 = Debug|Any CPU
		{1F2B41E8-EC94-492D-9A75-EFC08D203C7B}.Release|Any CPU.ActiveCfg = Release|Any CPU
		{1F2B41E8-EC94-492D-9A75-EFC08D203C7B}.Release|Any CPU.Build.0 = Release|Any CPU
	EndGlobalSection
	GlobalSection(SolutionProperties) = preSolution
		HideSolutionNode = FALSE
	EndGlobalSection
	GlobalSection(ExtensibilityGlobals) = postSolution
		SolutionGuid = {569554F7-2E91-4257-9EFD-E0E7F34D85A8}
	EndGlobalSection
EndGlobal
