
Microsoft Visual Studio Solution File, Format Version 12.00
# Visual Studio Version 16
VisualStudioVersion = 16.0.29728.190
MinimumVisualStudioVersion = 10.0.40219.1
Project("{FAE04EC0-301F-11D3-BF4B-00C04F79EFBC}") = "ClientManagementService.Infrastructure", "ClientManagementService.Infrastructure\ClientManagementService.Infrastructure.csproj", "{7B63E78B-BC50-4EE6-894E-5F2104F1F9A2}"
EndProject
Global
	GlobalSection(SolutionConfigurationPlatforms) = preSolution
		Debug|Any CPU = Debug|Any CPU
		Release|Any CPU = Release|Any CPU
	EndGlobalSection
	GlobalSection(ProjectConfigurationPlatforms) = postSolution
		{7B63E78B-BC50-4EE6-894E-5F2104F1F9A2}.Debug|Any CPU.ActiveCfg = Debug|Any CPU
		{7B63E78B-BC50-4EE6-894E-5F2104F1F9A2}.Debug|Any CPU.Build.0 = Debug|Any CPU
		{7B63E78B-BC50-4EE6-894E-5F2104F1F9A2}.Release|Any CPU.ActiveCfg = Release|Any CPU
		{7B63E78B-BC50-4EE6-894E-5F2104F1F9A2}.Release|Any CPU.Build.0 = Release|Any CPU
	EndGlobalSection
	GlobalSection(SolutionProperties) = preSolution
		HideSolutionNode = FALSE
	EndGlobalSection
	GlobalSection(ExtensibilityGlobals) = postSolution
		SolutionGuid = {599BBFBA-1FDD-4000-AD6C-D66424C5F786}
	EndGlobalSection
EndGlobal
