
Microsoft Visual Studio Solution File, Format Version 12.00
# Visual Studio Version 17
VisualStudioVersion = 17.0.32014.148
MinimumVisualStudioVersion = 10.0.40219.1
Project("{9A19103F-16F7-4668-BE54-9A1E7A4F7556}") = "AuthenticationService.API", "AuthenticationService.API\AuthenticationService.API.csproj", "{92FC71A0-8C33-49E6-95BB-660114B27996}"
EndProject
Project("{9A19103F-16F7-4668-BE54-9A1E7A4F7556}") = "AuthenticationService.Infrastructure", "AuthenticationService.Infrastructure\AuthenticationService.Infrastructure.csproj", "{36FF1A49-7E73-46CB-8D7A-B997C7653396}"
EndProject
Project("{9A19103F-16F7-4668-BE54-9A1E7A4F7556}") = "AuthenticationService.Tests", "AuthenticationService.Tests\AuthenticationService.Tests.csproj", "{29238165-777C-42BA-9197-2E95EDC0AB25}"
EndProject
Project("{9A19103F-16F7-4668-BE54-9A1E7A4F7556}") = "AuthenticationService.Domain", "AuthenticationService.Domain\AuthenticationService.Domain.csproj", "{32828C7C-2A4A-44D5-89BA-7C846E9788E4}"
EndProject
Project("{FAE04EC0-301F-11D3-BF4B-00C04F79EFBC}") = "AuthenticationService.DTO", "AuthenticationService.DTO\AuthenticationService.DTO.csproj", "{B07A9286-7DE8-46F0-AB8D-B05D7953E0E3}"
EndProject
Global
	GlobalSection(SolutionConfigurationPlatforms) = preSolution
		Debug|Any CPU = Debug|Any CPU
		Release|Any CPU = Release|Any CPU
	EndGlobalSection
	GlobalSection(ProjectConfigurationPlatforms) = postSolution
		{92FC71A0-8C33-49E6-95BB-660114B27996}.Debug|Any CPU.ActiveCfg = Debug|Any CPU
		{92FC71A0-8C33-49E6-95BB-660114B27996}.Debug|Any CPU.Build.0 = Debug|Any CPU
		{92FC71A0-8C33-49E6-95BB-660114B27996}.Release|Any CPU.ActiveCfg = Release|Any CPU
		{92FC71A0-8C33-49E6-95BB-660114B27996}.Release|Any CPU.Build.0 = Release|Any CPU
		{36FF1A49-7E73-46CB-8D7A-B997C7653396}.Debug|Any CPU.ActiveCfg = Debug|Any CPU
		{36FF1A49-7E73-46CB-8D7A-B997C7653396}.Debug|Any CPU.Build.0 = Debug|Any CPU
		{36FF1A49-7E73-46CB-8D7A-B997C7653396}.Release|Any CPU.ActiveCfg = Release|Any CPU
		{36FF1A49-7E73-46CB-8D7A-B997C7653396}.Release|Any CPU.Build.0 = Release|Any CPU
		{29238165-777C-42BA-9197-2E95EDC0AB25}.Debug|Any CPU.ActiveCfg = Debug|Any CPU
		{29238165-777C-42BA-9197-2E95EDC0AB25}.Debug|Any CPU.Build.0 = Debug|Any CPU
		{29238165-777C-42BA-9197-2E95EDC0AB25}.Release|Any CPU.ActiveCfg = Release|Any CPU
		{29238165-777C-42BA-9197-2E95EDC0AB25}.Release|Any CPU.Build.0 = Release|Any CPU
		{32828C7C-2A4A-44D5-89BA-7C846E9788E4}.Debug|Any CPU.ActiveCfg = Debug|Any CPU
		{32828C7C-2A4A-44D5-89BA-7C846E9788E4}.Debug|Any CPU.Build.0 = Debug|Any CPU
		{32828C7C-2A4A-44D5-89BA-7C846E9788E4}.Release|Any CPU.ActiveCfg = Release|Any CPU
		{32828C7C-2A4A-44D5-89BA-7C846E9788E4}.Release|Any CPU.Build.0 = Release|Any CPU
		{B07A9286-7DE8-46F0-AB8D-B05D7953E0E3}.Debug|Any CPU.ActiveCfg = Debug|Any CPU
		{B07A9286-7DE8-46F0-AB8D-B05D7953E0E3}.Debug|Any CPU.Build.0 = Debug|Any CPU
		{B07A9286-7DE8-46F0-AB8D-B05D7953E0E3}.Release|Any CPU.ActiveCfg = Release|Any CPU
		{B07A9286-7DE8-46F0-AB8D-B05D7953E0E3}.Release|Any CPU.Build.0 = Release|Any CPU
	EndGlobalSection
	GlobalSection(SolutionProperties) = preSolution
		HideSolutionNode = FALSE
	EndGlobalSection
	GlobalSection(ExtensibilityGlobals) = postSolution
		SolutionGuid = {FCEA3E1C-2FE6-46A1-A6DF-59DB4283EF94}
	EndGlobalSection
EndGlobal
